
Microsoft Visual Studio Solution File, Format Version 12.00
# Visual Studio Version 17
VisualStudioVersion = 17.14.36908.2 d17.14
MinimumVisualStudioVersion = 10.0.40219.1
Project("{8BC9CEB8-8B4A-11D0-8D11-00A0C91BC942}") = "1.Array", "1.Array\1.Array.vcxproj", "{5E15ACCF-6CDC-40C2-88E6-499BBD4C60F6}"
EndProject
Project("{8BC9CEB8-8B4A-11D0-8D11-00A0C91BC942}") = "2.List", "2.List\2.List.vcxproj", "{1F9BD3AB-4FA2-43FB-8021-0C14A76D2861}"
EndProject
Global
	GlobalSection(SolutionConfigurationPlatforms) = preSolution
		Debug|x64 = Debug|x64
		Release|x64 = Release|x64
	EndGlobalSection
	GlobalSection(ProjectConfigurationPlatforms) = postSolution
		{5E15ACCF-6CDC-40C2-88E6-499BBD4C60F6}.Debug|x64.ActiveCfg = Debug|x64
		{5E15ACCF-6CDC-40C2-88E6-499BBD4C60F6}.Debug|x64.Build.0 = Debug|x64
		{5E15ACCF-6CDC-40C2-88E6-499BBD4C60F6}.Release|x64.ActiveCfg = Release|x64
		{5E15ACCF-6CDC-40C2-88E6-499BBD4C60F6}.Release|x64.Build.0 = Release|x64
		{1F9BD3AB-4FA2-43FB-8021-0C14A76D2861}.Debug|x64.ActiveCfg = Debug|x64
		{1F9BD3AB-4FA2-43FB-8021-0C14A76D2861}.Debug|x64.Build.0 = Debug|x64
		{1F9BD3AB-4FA2-43FB-8021-0C14A76D2861}.Release|x64.ActiveCfg = Release|x64
		{1F9BD3AB-4FA2-43FB-8021-0C14A76D2861}.Release|x64.Build.0 = Release|x64
	EndGlobalSection
	GlobalSection(SolutionProperties) = preSolution
		HideSolutionNode = FALSE
	EndGlobalSection
	GlobalSection(ExtensibilityGlobals) = postSolution
		SolutionGuid = {2D83D4F1-E038-4F88-97CC-107810735143}
	EndGlobalSection
EndGlobal
